// !$*UTF8*$!
{
	archiveVersion = 1;
	classes = {
	};
	objectVersion = 55;
	objects = {

/* Begin PBXBuildFile section */
		DD1EF5D429EB680400989EA0 /* main.cpp in Sources */ = {isa = PBXBuildFile; fileRef = DD1EF5D329EB680400989EA0 /* main.cpp */; };
/* End PBXBuildFile section */

/* Begin PBXFileReference section */
		DD1EF5D029EB680400989EA0 /* OrbitSim */ = {isa = PBXFileReference; explicitFileType = "compiled.mach-o.executable"; includeInIndex = 0; path = OrbitSim; sourceTree = BUILT_PRODUCTS_DIR; };
		DD1EF5D329EB680400989EA0 /* main.cpp */ = {isa = PBXFileReference; lastKnownFileType = sourcecode.cpp.cpp; path = main.cpp; sourceTree = "<group>"; };
		DD1EF5DF29EB6CF500989EA0 /* OrbitSim.entitlements */ = {isa = PBXFileReference; lastKnownFileType = text.plist.entitlements; path = OrbitSim.entitlements; sourceTree = "<group>"; };
/* End PBXFileReference section */

/* Begin PBXFrameworksBuildPhase section */
		DD1EF5CE29EB680400989EA0 /* Frameworks */ = {
			isa = PBXFrameworksBuildPhase;
			buildActionMask = 2147483647;
			files = (
			);
			runOnlyForDeploymentPostprocessing = 0;
		};
/* End PBXFrameworksBuildPhase section */

/* Begin PBXGroup section */
		DD1EF5C829EB680300989EA0 = {
			isa = PBXGroup;
			children = (
				DD1EF5D229EB680400989EA0 /* OrbitSim */,
				DD1EF5D129EB680400989EA0 /* Products */,
			);
			sourceTree = "<group>";
		};
		DD1EF5D129EB680400989EA0 /* Products */ = {
			isa = PBXGroup;
			children = (
				DD1EF5D029EB680400989EA0 /* OrbitSim */,
			);
			name = Products;
			sourceTree = "<group>";
		};
		DD1EF5D229EB680400989EA0 /* OrbitSim */ = {
			isa = PBXGroup;
			children = (
				DD1EF5DF29EB6CF500989EA0 /* OrbitSim.entitlements */,
				DD1EF5D329EB680400989EA0 /* main.cpp */,
			);
			path = OrbitSim;
			sourceTree = "<group>";
		};
/* End PBXGroup section */

/* Begin PBXNativeTarget section */
		DD1EF5CF29EB680400989EA0 /* OrbitSim */ = {
			isa = PBXNativeTarget;
			buildConfigurationList = DD1EF5DC29EB680400989EA0 /* Build configuration list for PBXNativeTarget "OrbitSim" */;
			buildPhases = (
				DD1EF5CD29EB680400989EA0 /* Sources */,
				DD1EF5CE29EB680400989EA0 /* Frameworks */,
			);
			buildRules = (
			);
			dependencies = (
			);
			name = OrbitSim;
			productName = OrbitSim;
			productReference = DD1EF5D029EB680400989EA0 /* OrbitSim */;
			productType = "com.apple.product-type.tool";
		};
/* End PBXNativeTarget section */

/* Begin PBXProject section */
		DD1EF5C929EB680300989EA0 /* Project object */ = {
			isa = PBXProject;
			attributes = {
				BuildIndependentTargetsInParallel = 1;
				LastUpgradeCheck = 1340;
				ORGANIZATIONNAME = "Aidan Jerdee";
				TargetAttributes = {
					DD1EF5CF29EB680400989EA0 = {
						CreatedOnToolsVersion = 13.4.1;
					};
				};
			};
			buildConfigurationList = DD1EF5CC29EB680300989EA0 /* Build configuration list for PBXProject "OrbitSim" */;
			compatibilityVersion = "Xcode 13.0";
			developmentRegion = en;
			hasScannedForEncodings = 0;
			knownRegions = (
				en,
				Base,
			);
			mainGroup = DD1EF5C829EB680300989EA0;
			productRefGroup = DD1EF5D129EB680400989EA0 /* Products */;
			projectDirPath = "";
			projectRoot = "";
			targets = (
				DD1EF5CF29EB680400989EA0 /* OrbitSim */,
			);
		};
/* End PBXProject section */

/* Begin PBXSourcesBuildPhase section */
		DD1EF5CD29EB680400989EA0 /* Sources */ = {
			isa = PBXSourcesBuildPhase;
			buildActionMask = 2147483647;
			files = (
				DD1EF5D429EB680400989EA0 /* main.cpp in Sources */,
			);
			runOnlyForDeploymentPostprocessing = 0;
		};
/* End PBXSourcesBuildPhase section */

/* Begin XCBuildConfiguration section */
		DD1EF5DA29EB680400989EA0 /* Debug */ = {
			isa = XCBuildConfiguration;
			buildSettings = {
				ARCHS = "$(ARCHS_STANDARD)";
				CLANG_CXX_LANGUAGE_STANDARD = "c++17";
				CLANG_CXX_LIBRARY = "libc++";
				"EXCLUDED_ARCHS[sdk=*]" = arm64;
				FRAMEWORK_SEARCH_PATHS = (
					/Library/Frameworks/,
					"$(inherited)",
				);
				GCC_VERSION = com.apple.compilers.llvm.clang.1_0;
				HEADER_SEARCH_PATHS = (
					/usr/local/include/,
					"$(inherited)",
				);
				LIBRARY_SEARCH_PATHS = (
					/usr/local/lib/,
					"$(inherited)",
				);
				MACOSX_DEPLOYMENT_TARGET = 12.3;
				OTHER_LDFLAGS = (
					"$(inherited)",
					"$(SFML_SYSTEM)",
					"$(SFML_WINDOW)",
					"$(SFML_GRAPHICS)",
					"$(SFML_AUDIO)",
					"$(SFML_NETWORK)",
				);
				SFML_AUDIO = "$(SFML_LINK_PREFIX) sfml-audio$(SFML_LINK_SUFFIX)";
				SFML_BINARY_TYPE = FRAMEWORKS;
				SFML_GRAPHICS = "$(SFML_LINK_PREFIX) sfml-graphics$(SFML_LINK_SUFFIX)";
				SFML_LINK_DYLIBS_PREFIX = "-l";
				SFML_LINK_DYLIBS_SUFFIX = "";
				SFML_LINK_FRAMEWORKS_PREFIX = "-framework";
				SFML_LINK_FRAMEWORKS_SUFFIX = "";
				SFML_LINK_PREFIX = "$(SFML_LINK_$(SFML_BINARY_TYPE)_PREFIX)";
				SFML_LINK_SUFFIX = "$(SFML_LINK_$(SFML_BINARY_TYPE)_SUFFIX)";
				SFML_NETWORK = "";
				SFML_SYSTEM = "$(SFML_LINK_PREFIX) sfml-system$(SFML_LINK_SUFFIX)";
				SFML_WINDOW = "$(SFML_LINK_PREFIX) sfml-window$(SFML_LINK_SUFFIX)";
				SUPPORTED_PLATFORMS = macosx;
			};
			name = Debug;
		};
		DD1EF5DB29EB680400989EA0 /* Release */ = {
			isa = XCBuildConfiguration;
			buildSettings = {
				ARCHS = "$(ARCHS_STANDARD)";
				CLANG_CXX_LANGUAGE_STANDARD = "c++17";
				CLANG_CXX_LIBRARY = "libc++";
				"EXCLUDED_ARCHS[sdk=*]" = arm64;
				FRAMEWORK_SEARCH_PATHS = (
					/Library/Frameworks/,
					"$(inherited)",
				);
				GCC_VERSION = com.apple.compilers.llvm.clang.1_0;
				HEADER_SEARCH_PATHS = (
					/usr/local/include/,
					"$(inherited)",
				);
				LIBRARY_SEARCH_PATHS = (
					/usr/local/lib/,
					"$(inherited)",
				);
				MACOSX_DEPLOYMENT_TARGET = 12.3;
				OTHER_LDFLAGS = (
					"$(inherited)",
					"$(SFML_SYSTEM)",
					"$(SFML_WINDOW)",
					"$(SFML_GRAPHICS)",
					"$(SFML_AUDIO)",
					"$(SFML_NETWORK)",
				);
				SFML_AUDIO = "$(SFML_LINK_PREFIX) sfml-audio$(SFML_LINK_SUFFIX)";
				SFML_BINARY_TYPE = FRAMEWORKS;
				SFML_GRAPHICS = "$(SFML_LINK_PREFIX) sfml-graphics$(SFML_LINK_SUFFIX)";
				SFML_LINK_DYLIBS_PREFIX = "-l";
				SFML_LINK_DYLIBS_SUFFIX = "";
				SFML_LINK_FRAMEWORKS_PREFIX = "-framework";
				SFML_LINK_FRAMEWORKS_SUFFIX = "";
				SFML_LINK_PREFIX = "$(SFML_LINK_$(SFML_BINARY_TYPE)_PREFIX)";
				SFML_LINK_SUFFIX = "$(SFML_LINK_$(SFML_BINARY_TYPE)_SUFFIX)";
				SFML_NETWORK = "";
				SFML_SYSTEM = "$(SFML_LINK_PREFIX) sfml-system$(SFML_LINK_SUFFIX)";
				SFML_WINDOW = "$(SFML_LINK_PREFIX) sfml-window$(SFML_LINK_SUFFIX)";
				SUPPORTED_PLATFORMS = macosx;
			};
			name = Release;
		};
		DD1EF5DD29EB680400989EA0 /* Debug */ = {
			isa = XCBuildConfiguration;
			buildSettings = {
				CODE_SIGN_ENTITLEMENTS = OrbitSim/OrbitSim.entitlements;
				CODE_SIGN_STYLE = Automatic;
				DEVELOPMENT_TEAM = 7X6A422K4Z;
				ENABLE_HARDENED_RUNTIME = YES;
				MACOSX_DEPLOYMENT_TARGET = 12.3;
				PRODUCT_NAME = "$(TARGET_NAME)";
			};
			name = Debug;
		};
		DD1EF5DE29EB680400989EA0 /* Release */ = {
			isa = XCBuildConfiguration;
			buildSettings = {
				CODE_SIGN_ENTITLEMENTS = OrbitSim/OrbitSim.entitlements;
				CODE_SIGN_STYLE = Automatic;
				DEVELOPMENT_TEAM = 7X6A422K4Z;
				ENABLE_HARDENED_RUNTIME = YES;
				MACOSX_DEPLOYMENT_TARGET = 12.3;
				PRODUCT_NAME = "$(TARGET_NAME)";
			};
			name = Release;
		};
/* End XCBuildConfiguration section */

/* Begin XCConfigurationList section */
		DD1EF5CC29EB680300989EA0 /* Build configuration list for PBXProject "OrbitSim" */ = {
			isa = XCConfigurationList;
			buildConfigurations = (
				DD1EF5DA29EB680400989EA0 /* Debug */,
				DD1EF5DB29EB680400989EA0 /* Release */,
			);
			defaultConfigurationIsVisible = 0;
			defaultConfigurationName = Release;
		};
		DD1EF5DC29EB680400989EA0 /* Build configuration list for PBXNativeTarget "OrbitSim" */ = {
			isa = XCConfigurationList;
			buildConfigurations = (
				DD1EF5DD29EB680400989EA0 /* Debug */,
				DD1EF5DE29EB680400989EA0 /* Release */,
			);
			defaultConfigurationIsVisible = 0;
			defaultConfigurationName = Release;
		};
/* End XCConfigurationList section */
	};
	rootObject = DD1EF5C929EB680300989EA0 /* Project object */;
}
